
Microsoft Visual Studio Solution File, Format Version 12.00
# Visual Studio Version 17
VisualStudioVersion = 17.13.35913.81 d17.13
MinimumVisualStudioVersion = 10.0.40219.1
Project("{888888A0-9F3D-457C-B088-3A5042F75D52}") = "StartApp", "StartApp.pyproj", "{3D6944C3-77BE-45B6-8479-AE781B5DC02F}"
EndProject
Global
	GlobalSection(SolutionConfigurationPlatforms) = preSolution
		Debug|Any CPU = Debug|Any CPU
		Release|Any CPU = Release|Any CPU
	EndGlobalSection
	GlobalSection(ProjectConfigurationPlatforms) = postSolution
		{3D6944C3-77BE-45B6-8479-AE781B5DC02F}.Debug|Any CPU.ActiveCfg = Debug|Any CPU
		{3D6944C3-77BE-45B6-8479-AE781B5DC02F}.Release|Any CPU.ActiveCfg = Release|Any CPU
	EndGlobalSection
	GlobalSection(SolutionProperties) = preSolution
		HideSolutionNode = FALSE
	EndGlobalSection
	GlobalSection(ExtensibilityGlobals) = postSolution
		SolutionGuid = {6CFD9DE4-047D-425F-BA64-911C47F9E330}
	EndGlobalSection
EndGlobal
